{
  "requires": true,
  "lockfileVersion": 1,
  "dependencies": {
    "eslint-plugin-sort-requires": {
      "version": "2.1.0",
      "resolved": "https://registry.npmjs.org/eslint-plugin-sort-requires/-/eslint-plugin-sort-requires-2.1.0.tgz",
      "integrity": "sha1-PvrZSNyDeYIZ6An1QGfEDlVESGE="
    }
  }
}
